
Microsoft Visual Studio Solution File, Format Version 12.00
# Visual Studio Version 17
VisualStudioVersion = 17.0.31903.59
MinimumVisualStudioVersion = 10.0.40219.1
Project("{FAE04EC0-301F-11D3-BF4B-00C04F79EFBC}") = "Backend", "backend\Backend.csproj", "{074C918E-BE03-4139-AF17-87519B8A346D}"
EndProject
Project("{2150E333-8FDC-42A3-9474-1A3956D46DE8}") = "tests", "tests", "{B4054AC5-9A72-41F0-809E-13AF68A22802}"
EndProject
Project("{FAE04EC0-301F-11D3-BF4B-00C04F79EFBC}") = "Backend.Tests", "tests\Backend.Tests\Backend.Tests.csproj", "{3C4EE52E-F94A-46D9-960F-5A6BDD75AC54}"
EndProject
Global
	GlobalSection(SolutionConfigurationPlatforms) = preSolution
		Debug|Any CPU = Debug|Any CPU
		Release|Any CPU = Release|Any CPU
	EndGlobalSection
	GlobalSection(SolutionProperties) = preSolution
		HideSolutionNode = FALSE
	EndGlobalSection
	GlobalSection(ProjectConfigurationPlatforms) = postSolution
		{074C918E-BE03-4139-AF17-87519B8A346D}.Debug|Any CPU.ActiveCfg = Debug|Any CPU
		{074C918E-BE03-4139-AF17-87519B8A346D}.Debug|Any CPU.Build.0 = Debug|Any CPU
		{074C918E-BE03-4139-AF17-87519B8A346D}.Release|Any CPU.ActiveCfg = Release|Any CPU
		{074C918E-BE03-4139-AF17-87519B8A346D}.Release|Any CPU.Build.0 = Release|Any CPU
		{3C4EE52E-F94A-46D9-960F-5A6BDD75AC54}.Debug|Any CPU.ActiveCfg = Debug|Any CPU
		{3C4EE52E-F94A-46D9-960F-5A6BDD75AC54}.Debug|Any CPU.Build.0 = Debug|Any CPU
		{3C4EE52E-F94A-46D9-960F-5A6BDD75AC54}.Release|Any CPU.ActiveCfg = Release|Any CPU
		{3C4EE52E-F94A-46D9-960F-5A6BDD75AC54}.Release|Any CPU.Build.0 = Release|Any CPU
	EndGlobalSection
	GlobalSection(NestedProjects) = preSolution
		{3C4EE52E-F94A-46D9-960F-5A6BDD75AC54} = {B4054AC5-9A72-41F0-809E-13AF68A22802}
	EndGlobalSection
EndGlobal
